// !$*UTF8*$!
{
	archiveVersion = 1;
	classes = {
	};
	objectVersion = 50;
	objects = {

/* Begin PBXBuildFile section */
		4D04921E214654780071AB9A /* Assets.xcassets in Resources */ = {isa = PBXBuildFile; fileRef = 4D04921D214654780071AB9A /* Assets.xcassets */; };
		4D049221214654780071AB9A /* LaunchScreen.storyboard in Resources */ = {isa = PBXBuildFile; fileRef = 4D04921F214654780071AB9A /* LaunchScreen.storyboard */; };
		4D6DB12F2149262D001BAD64 /* EncryptionUtils.swift in Sources */ = {isa = PBXBuildFile; fileRef = 4D6DB12E2149262D001BAD64 /* EncryptionUtils.swift */; };
		4D6DB13421492655001BAD64 /* LoginViewContoller.swift in Sources */ = {isa = PBXBuildFile; fileRef = 4D6DB13321492655001BAD64 /* LoginViewContoller.swift */; };
		4D6DB1362149266B001BAD64 /* Login.storyboard in Resources */ = {isa = PBXBuildFile; fileRef = 4D6DB1352149266B001BAD64 /* Login.storyboard */; };
		4D6DB13A21492A58001BAD64 /* Contact.storyboard in Resources */ = {isa = PBXBuildFile; fileRef = 4D6DB13921492A58001BAD64 /* Contact.storyboard */; };
		4D6DB13E21492A7D001BAD64 /* Channel.storyboard in Resources */ = {isa = PBXBuildFile; fileRef = 4D6DB13D21492A7D001BAD64 /* Channel.storyboard */; };
		4D6DB14021492A96001BAD64 /* LoginViewModel.swift in Sources */ = {isa = PBXBuildFile; fileRef = 4D6DB13F21492A96001BAD64 /* LoginViewModel.swift */; };
		4D6DB14221492B83001BAD64 /* ChannelViewContoller.swift in Sources */ = {isa = PBXBuildFile; fileRef = 4D6DB14121492B83001BAD64 /* ChannelViewContoller.swift */; };
		4D6DB15C21493484001BAD64 /* Setting.storyboard in Resources */ = {isa = PBXBuildFile; fileRef = 4D6DB15B21493484001BAD64 /* Setting.storyboard */; };
		4D7CD4EC214679170006EABC /* AppDelegate.swift in Sources */ = {isa = PBXBuildFile; fileRef = 4D7CD4E8214679170006EABC /* AppDelegate.swift */; };
		4D98E86A2153C5C300E11EF4 /* TermAndConditionViewController.swift in Sources */ = {isa = PBXBuildFile; fileRef = 4D98E8672153C5C300E11EF4 /* TermAndConditionViewController.swift */; };
		4D98E86B2153C5C300E11EF4 /* Main.storyboard in Resources */ = {isa = PBXBuildFile; fileRef = 4D98E8682153C5C300E11EF4 /* Main.storyboard */; };
		4D98E86C2153C5C300E11EF4 /* HomeScreenViewController.swift in Sources */ = {isa = PBXBuildFile; fileRef = 4D98E8692153C5C300E11EF4 /* HomeScreenViewController.swift */; };
		4D98E8712153C7A400E11EF4 /* GroupsListViewController.swift in Sources */ = {isa = PBXBuildFile; fileRef = 4D98E8702153C7A300E11EF4 /* GroupsListViewController.swift */; };
		4D98E8732153C7F100E11EF4 /* GroupMembersViewController.swift in Sources */ = {isa = PBXBuildFile; fileRef = 4D98E8722153C7F100E11EF4 /* GroupMembersViewController.swift */; };
		4D98E8752153C88F00E11EF4 /* Group.storyboard in Resources */ = {isa = PBXBuildFile; fileRef = 4D98E8742153C88F00E11EF4 /* Group.storyboard */; };
		4D98E87A2153CB4600E11EF4 /* NotificationPanelViewController.swift in Sources */ = {isa = PBXBuildFile; fileRef = 4D98E8792153CB4600E11EF4 /* NotificationPanelViewController.swift */; };
		4D98E87C2153CB6C00E11EF4 /* NotificationPanel.storyboard in Resources */ = {isa = PBXBuildFile; fileRef = 4D98E87B2153CB6C00E11EF4 /* NotificationPanel.storyboard */; };
		4D98E8822153CE1300E11EF4 /* AES256Cipher.swift in Sources */ = {isa = PBXBuildFile; fileRef = 4D98E8812153CE1300E11EF4 /* AES256Cipher.swift */; };
		4D98E8852153CE4100E11EF4 /* AESCipher.swift in Sources */ = {isa = PBXBuildFile; fileRef = 4D98E8832153CE4100E11EF4 /* AESCipher.swift */; };
		4D98E8862153CE4100E11EF4 /* ICipher.swift in Sources */ = {isa = PBXBuildFile; fileRef = 4D98E8842153CE4100E11EF4 /* ICipher.swift */; };
		4D98E88A2153CEF100E11EF4 /* ModelConstants.swift in Sources */ = {isa = PBXBuildFile; fileRef = 4D98E8872153CEF100E11EF4 /* ModelConstants.swift */; };
		4D98E88B2153CEF100E11EF4 /* IPValidator.swift in Sources */ = {isa = PBXBuildFile; fileRef = 4D98E8882153CEF100E11EF4 /* IPValidator.swift */; };
		4D98E88C2153CEF100E11EF4 /* RSAEncryptDecrypt.swift in Sources */ = {isa = PBXBuildFile; fileRef = 4D98E8892153CEF100E11EF4 /* RSAEncryptDecrypt.swift */; };
		4D98E88E2153CF4800E11EF4 /* ContactDatabaseHelper.swift in Sources */ = {isa = PBXBuildFile; fileRef = 4D98E88D2153CF4800E11EF4 /* ContactDatabaseHelper.swift */; };
		4DB894552164C55700A55941 /* CommonUtility.swift in Sources */ = {isa = PBXBuildFile; fileRef = 4DB894542164C55700A55941 /* CommonUtility.swift */; };
		4DB894572164D30600A55941 /* UIViewController+Extensions.swift in Sources */ = {isa = PBXBuildFile; fileRef = 4DB894562164D30600A55941 /* UIViewController+Extensions.swift */; };
		5613CF0D216B93ED006DC121 /* GroupMembersCell.swift in Sources */ = {isa = PBXBuildFile; fileRef = 5613CF08216B93ED006DC121 /* GroupMembersCell.swift */; };
		5613CF0E216B93ED006DC121 /* GroupsListNewCell.swift in Sources */ = {isa = PBXBuildFile; fileRef = 5613CF09216B93ED006DC121 /* GroupsListNewCell.swift */; };
		5613CF0F216B93ED006DC121 /* Groups.storyboard in Resources */ = {isa = PBXBuildFile; fileRef = 5613CF0A216B93ED006DC121 /* Groups.storyboard */; };
		5613CF10216B93ED006DC121 /* GroupsListNewController.swift in Sources */ = {isa = PBXBuildFile; fileRef = 5613CF0B216B93ED006DC121 /* GroupsListNewController.swift */; };
		5613CF11216B93ED006DC121 /* GroupsMembersViewController.swift in Sources */ = {isa = PBXBuildFile; fileRef = 5613CF0C216B93ED006DC121 /* GroupsMembersViewController.swift */; };
		5613CF19216B99F3006DC121 /* ContactHeaderCell.swift in Sources */ = {isa = PBXBuildFile; fileRef = 5613CF12216B99F3006DC121 /* ContactHeaderCell.swift */; };
		5613CF1A216B99F3006DC121 /* AddedContactCell.swift in Sources */ = {isa = PBXBuildFile; fileRef = 5613CF13216B99F3006DC121 /* AddedContactCell.swift */; };
		5613CF1B216B99F3006DC121 /* SearchAndDropDownView.swift in Sources */ = {isa = PBXBuildFile; fileRef = 5613CF14216B99F3006DC121 /* SearchAndDropDownView.swift */; };
		5613CF1C216B99F3006DC121 /* ContactSearchViewController.swift in Sources */ = {isa = PBXBuildFile; fileRef = 5613CF15216B99F3006DC121 /* ContactSearchViewController.swift */; };
		5613CF1D216B99F3006DC121 /* NewContactsCell.swift in Sources */ = {isa = PBXBuildFile; fileRef = 5613CF16216B99F3006DC121 /* NewContactsCell.swift */; };
		5613CF1E216B99F3006DC121 /* ContactSearchHeaderCell.xib in Resources */ = {isa = PBXBuildFile; fileRef = 5613CF17216B99F3006DC121 /* ContactSearchHeaderCell.xib */; };
		5613CF1F216B99F3006DC121 /* AddContact.storyboard in Resources */ = {isa = PBXBuildFile; fileRef = 5613CF18216B99F3006DC121 /* AddContact.storyboard */; };
		5613CF29216C428E006DC121 /* CurrUserContactsCell.swift in Sources */ = {isa = PBXBuildFile; fileRef = 5613CF20216C428D006DC121 /* CurrUserContactsCell.swift */; };
		5613CF2A216C428E006DC121 /* UserHeader.swift in Sources */ = {isa = PBXBuildFile; fileRef = 5613CF21216C428E006DC121 /* UserHeader.swift */; };
		5613CF2B216C428E006DC121 /* CurrUserCell.swift in Sources */ = {isa = PBXBuildFile; fileRef = 5613CF22216C428E006DC121 /* CurrUserCell.swift */; };
		5613CF2C216C428E006DC121 /* ContactListViewController.swift in Sources */ = {isa = PBXBuildFile; fileRef = 5613CF23216C428E006DC121 /* ContactListViewController.swift */; };
		5613CF2D216C428E006DC121 /* userCell.xib in Resources */ = {isa = PBXBuildFile; fileRef = 5613CF24216C428E006DC121 /* userCell.xib */; };
		5613CF2E216C428E006DC121 /* CurrUserGroupsCell.swift in Sources */ = {isa = PBXBuildFile; fileRef = 5613CF25216C428E006DC121 /* CurrUserGroupsCell.swift */; };
		5613CF2F216C428E006DC121 /* userContactCell.xib in Resources */ = {isa = PBXBuildFile; fileRef = 5613CF26216C428E006DC121 /* userContactCell.xib */; };
		5613CF30216C428E006DC121 /* userHeader.xib in Resources */ = {isa = PBXBuildFile; fileRef = 5613CF27216C428E006DC121 /* userHeader.xib */; };
		5613CF31216C428E006DC121 /* userGroupCell.xib in Resources */ = {isa = PBXBuildFile; fileRef = 5613CF28216C428E006DC121 /* userGroupCell.xib */; };
		5613CF34216C4743006DC121 /* Dashboard.storyboard in Resources */ = {isa = PBXBuildFile; fileRef = 5613CF33216C4743006DC121 /* Dashboard.storyboard */; };
		56251741216B52D8005D8FC1 /* LandingViewController.swift in Sources */ = {isa = PBXBuildFile; fileRef = 56251740216B52D8005D8FC1 /* LandingViewController.swift */; };
		56251743216B53A5005D8FC1 /* ScrollPager.swift in Sources */ = {isa = PBXBuildFile; fileRef = 56251742216B53A5005D8FC1 /* ScrollPager.swift */; };
		56251745216B6273005D8FC1 /* ChannelListViewController.swift in Sources */ = {isa = PBXBuildFile; fileRef = 56251744216B6273005D8FC1 /* ChannelListViewController.swift */; };
		565B8BE6216710C3003EB3C2 /* SettingsViewController.swift in Sources */ = {isa = PBXBuildFile; fileRef = 565B8BE3216710C3003EB3C2 /* SettingsViewController.swift */; };
		565B8BE7216710C3003EB3C2 /* SettingsTableViewCell.swift in Sources */ = {isa = PBXBuildFile; fileRef = 565B8BE4216710C3003EB3C2 /* SettingsTableViewCell.swift */; };
		565B8BE8216710C3003EB3C2 /* SettingsViewModel.swift in Sources */ = {isa = PBXBuildFile; fileRef = 565B8BE5216710C3003EB3C2 /* SettingsViewModel.swift */; };
		565B8BF0216711B0003EB3C2 /* ChannelMemberListViewModel.swift in Sources */ = {isa = PBXBuildFile; fileRef = 565B8BEC216711B0003EB3C2 /* ChannelMemberListViewModel.swift */; };
		565B8BF1216711B0003EB3C2 /* ChannelMemberListTableViewCell.swift in Sources */ = {isa = PBXBuildFile; fileRef = 565B8BED216711B0003EB3C2 /* ChannelMemberListTableViewCell.swift */; };
		565B8BF2216711B0003EB3C2 /* ChannelMemberListViewController.swift in Sources */ = {isa = PBXBuildFile; fileRef = 565B8BEE216711B0003EB3C2 /* ChannelMemberListViewController.swift */; };
		565B8BF3216711B0003EB3C2 /* channelmemberlist.json in Resources */ = {isa = PBXBuildFile; fileRef = 565B8BEF216711B0003EB3C2 /* channelmemberlist.json */; };
		565B8BF52167120A003EB3C2 /* MemberDetailViewController.swift in Sources */ = {isa = PBXBuildFile; fileRef = 565B8BF42167120A003EB3C2 /* MemberDetailViewController.swift */; };
		A7D216582167636C00684877 /* ChatMessageCell.xib in Resources */ = {isa = PBXBuildFile; fileRef = A7D2164D2167636C00684877 /* ChatMessageCell.xib */; };
		A7D216592167636C00684877 /* ConversationView.storyboard in Resources */ = {isa = PBXBuildFile; fileRef = A7D216512167636C00684877 /* ConversationView.storyboard */; };
		A7D2165A2167636C00684877 /* ConversationViewController.swift in Sources */ = {isa = PBXBuildFile; fileRef = A7D216532167636C00684877 /* ConversationViewController.swift */; };
		A7D2165B2167636C00684877 /* ChatMessageCell.swift in Sources */ = {isa = PBXBuildFile; fileRef = A7D216542167636C00684877 /* ChatMessageCell.swift */; };
		A7D2165D2167639C00684877 /* MessageData.swift in Sources */ = {isa = PBXBuildFile; fileRef = A7D2165C2167639C00684877 /* MessageData.swift */; };
		A7D2165F216763A300684877 /* MessageDetails.swift in Sources */ = {isa = PBXBuildFile; fileRef = A7D2165E216763A200684877 /* MessageDetails.swift */; };
		A7D21661216763A900684877 /* MessageKinds.swift in Sources */ = {isa = PBXBuildFile; fileRef = A7D21660216763A900684877 /* MessageKinds.swift */; };
		A7D21663216763B900684877 /* ConversationViewInteractor.swift in Sources */ = {isa = PBXBuildFile; fileRef = A7D21662216763B900684877 /* ConversationViewInteractor.swift */; };
		A7D21665216763C300684877 /* ConversationViewPresenter.swift in Sources */ = {isa = PBXBuildFile; fileRef = A7D21664216763C300684877 /* ConversationViewPresenter.swift */; };
		A7D21667216763CE00684877 /* ConversationViewProtocols.swift in Sources */ = {isa = PBXBuildFile; fileRef = A7D21666216763CE00684877 /* ConversationViewProtocols.swift */; };
		A7D21669216763E200684877 /* ConversationViewWireFrame.swift in Sources */ = {isa = PBXBuildFile; fileRef = A7D21668216763E200684877 /* ConversationViewWireFrame.swift */; };
		D066F74B21677EA800CF286D /* ChannelListViewModel.swift in Sources */ = {isa = PBXBuildFile; fileRef = D066F74921677EA800CF286D /* ChannelListViewModel.swift */; };
		D066F74C21677EA800CF286D /* channelListDemoData.json in Resources */ = {isa = PBXBuildFile; fileRef = D066F74A21677EA800CF286D /* channelListDemoData.json */; };
		D09D3F06216615A100E9995B /* ChannelListCell.swift in Sources */ = {isa = PBXBuildFile; fileRef = D09D3F05216615A100E9995B /* ChannelListCell.swift */; };
		D0D6FE5D216233C000C4B843 /* ChannelMenuBar.swift in Sources */ = {isa = PBXBuildFile; fileRef = D0D6FE5C216233C000C4B843 /* ChannelMenuBar.swift */; };
		D0D6FE5F21639EDC00C4B843 /* ChannelExtension.swift in Sources */ = {isa = PBXBuildFile; fileRef = D0D6FE5E21639EDC00C4B843 /* ChannelExtension.swift */; };
		D0D6FE612163F32900C4B843 /* MenuCell.swift in Sources */ = {isa = PBXBuildFile; fileRef = D0D6FE602163F32900C4B843 /* MenuCell.swift */; };
		D0D6FE722164792F00C4B843 /* ChannelCell.swift in Sources */ = {isa = PBXBuildFile; fileRef = D0D6FE712164792F00C4B843 /* ChannelCell.swift */; };
		D0D6FE74216492CE00C4B843 /* ChannelCell.xib in Resources */ = {isa = PBXBuildFile; fileRef = D0D6FE73216492CE00C4B843 /* ChannelCell.xib */; };
		D0D6FE7E2164B76900C4B843 /* SectionHeaderView.xib in Resources */ = {isa = PBXBuildFile; fileRef = D0D6FE7D2164B76900C4B843 /* SectionHeaderView.xib */; };
		D0D6FE802164BE0200C4B843 /* SectionHeaderCell.swift in Sources */ = {isa = PBXBuildFile; fileRef = D0D6FE7F2164BE0200C4B843 /* SectionHeaderCell.swift */; };
/* End PBXBuildFile section */

/* Begin PBXFileReference section */
		4D049213214654770071AB9A /* mcpttapp.app */ = {isa = PBXFileReference; explicitFileType = wrapper.application; includeInIndex = 0; path = mcpttapp.app; sourceTree = BUILT_PRODUCTS_DIR; };
		4D04921D214654780071AB9A /* Assets.xcassets */ = {isa = PBXFileReference; lastKnownFileType = folder.assetcatalog; path = Assets.xcassets; sourceTree = "<group>"; };
		4D049220214654780071AB9A /* Base */ = {isa = PBXFileReference; lastKnownFileType = file.storyboard; name = Base; path = Base.lproj/LaunchScreen.storyboard; sourceTree = "<group>"; };
		4D049222214654790071AB9A /* Info.plist */ = {isa = PBXFileReference; lastKnownFileType = text.plist.xml; path = Info.plist; sourceTree = "<group>"; };
		4D6DB12E2149262D001BAD64 /* EncryptionUtils.swift */ = {isa = PBXFileReference; fileEncoding = 4; lastKnownFileType = sourcecode.swift; path = EncryptionUtils.swift; sourceTree = "<group>"; };
		4D6DB13321492655001BAD64 /* LoginViewContoller.swift */ = {isa = PBXFileReference; lastKnownFileType = sourcecode.swift; path = LoginViewContoller.swift; sourceTree = "<group>"; };
		4D6DB1352149266B001BAD64 /* Login.storyboard */ = {isa = PBXFileReference; lastKnownFileType = file.storyboard; path = Login.storyboard; sourceTree = "<group>"; };
		4D6DB13921492A58001BAD64 /* Contact.storyboard */ = {isa = PBXFileReference; lastKnownFileType = file.storyboard; path = Contact.storyboard; sourceTree = "<group>"; };
		4D6DB13D21492A7D001BAD64 /* Channel.storyboard */ = {isa = PBXFileReference; lastKnownFileType = file.storyboard; path = Channel.storyboard; sourceTree = "<group>"; };
		4D6DB13F21492A96001BAD64 /* LoginViewModel.swift */ = {isa = PBXFileReference; lastKnownFileType = sourcecode.swift; path = LoginViewModel.swift; sourceTree = "<group>"; };
		4D6DB14121492B83001BAD64 /* ChannelViewContoller.swift */ = {isa = PBXFileReference; lastKnownFileType = sourcecode.swift; path = ChannelViewContoller.swift; sourceTree = "<group>"; };
		4D6DB14421492CBD001BAD64 /* Security.framework */ = {isa = PBXFileReference; lastKnownFileType = wrapper.framework; name = Security.framework; path = System/Library/Frameworks/Security.framework; sourceTree = SDKROOT; };
		4D6DB15321492F22001BAD64 /* mcpttapp-Bridging-Header.h */ = {isa = PBXFileReference; fileEncoding = 4; lastKnownFileType = sourcecode.c.h; path = "mcpttapp-Bridging-Header.h"; sourceTree = "<group>"; };
		4D6DB15B21493484001BAD64 /* Setting.storyboard */ = {isa = PBXFileReference; lastKnownFileType = file.storyboard; path = Setting.storyboard; sourceTree = "<group>"; };
		4D7CD4E8214679170006EABC /* AppDelegate.swift */ = {isa = PBXFileReference; fileEncoding = 4; lastKnownFileType = sourcecode.swift; path = AppDelegate.swift; sourceTree = "<group>"; };
		4D98E8672153C5C300E11EF4 /* TermAndConditionViewController.swift */ = {isa = PBXFileReference; fileEncoding = 4; lastKnownFileType = sourcecode.swift; path = TermAndConditionViewController.swift; sourceTree = "<group>"; };
		4D98E8682153C5C300E11EF4 /* Main.storyboard */ = {isa = PBXFileReference; fileEncoding = 4; lastKnownFileType = file.storyboard; path = Main.storyboard; sourceTree = "<group>"; };
		4D98E8692153C5C300E11EF4 /* HomeScreenViewController.swift */ = {isa = PBXFileReference; fileEncoding = 4; lastKnownFileType = sourcecode.swift; path = HomeScreenViewController.swift; sourceTree = "<group>"; };
		4D98E8702153C7A300E11EF4 /* GroupsListViewController.swift */ = {isa = PBXFileReference; fileEncoding = 4; lastKnownFileType = sourcecode.swift; path = GroupsListViewController.swift; sourceTree = "<group>"; };
		4D98E8722153C7F100E11EF4 /* GroupMembersViewController.swift */ = {isa = PBXFileReference; lastKnownFileType = sourcecode.swift; path = GroupMembersViewController.swift; sourceTree = "<group>"; };
		4D98E8742153C88F00E11EF4 /* Group.storyboard */ = {isa = PBXFileReference; lastKnownFileType = file.storyboard; path = Group.storyboard; sourceTree = "<group>"; };
		4D98E8792153CB4600E11EF4 /* NotificationPanelViewController.swift */ = {isa = PBXFileReference; lastKnownFileType = sourcecode.swift; path = NotificationPanelViewController.swift; sourceTree = "<group>"; };
		4D98E87B2153CB6C00E11EF4 /* NotificationPanel.storyboard */ = {isa = PBXFileReference; lastKnownFileType = file.storyboard; path = NotificationPanel.storyboard; sourceTree = "<group>"; };
		4D98E8812153CE1300E11EF4 /* AES256Cipher.swift */ = {isa = PBXFileReference; lastKnownFileType = sourcecode.swift; path = AES256Cipher.swift; sourceTree = "<group>"; };
		4D98E8832153CE4100E11EF4 /* AESCipher.swift */ = {isa = PBXFileReference; fileEncoding = 4; lastKnownFileType = sourcecode.swift; path = AESCipher.swift; sourceTree = "<group>"; };
		4D98E8842153CE4100E11EF4 /* ICipher.swift */ = {isa = PBXFileReference; fileEncoding = 4; lastKnownFileType = sourcecode.swift; path = ICipher.swift; sourceTree = "<group>"; };
		4D98E8872153CEF100E11EF4 /* ModelConstants.swift */ = {isa = PBXFileReference; fileEncoding = 4; lastKnownFileType = sourcecode.swift; path = ModelConstants.swift; sourceTree = "<group>"; };
		4D98E8882153CEF100E11EF4 /* IPValidator.swift */ = {isa = PBXFileReference; fileEncoding = 4; lastKnownFileType = sourcecode.swift; path = IPValidator.swift; sourceTree = "<group>"; };
		4D98E8892153CEF100E11EF4 /* RSAEncryptDecrypt.swift */ = {isa = PBXFileReference; fileEncoding = 4; lastKnownFileType = sourcecode.swift; path = RSAEncryptDecrypt.swift; sourceTree = "<group>"; };
		4D98E88D2153CF4800E11EF4 /* ContactDatabaseHelper.swift */ = {isa = PBXFileReference; fileEncoding = 4; lastKnownFileType = sourcecode.swift; path = ContactDatabaseHelper.swift; sourceTree = "<group>"; };
		4DB894542164C55700A55941 /* CommonUtility.swift */ = {isa = PBXFileReference; lastKnownFileType = sourcecode.swift; path = CommonUtility.swift; sourceTree = "<group>"; };
		4DB894562164D30600A55941 /* UIViewController+Extensions.swift */ = {isa = PBXFileReference; lastKnownFileType = sourcecode.swift; path = "UIViewController+Extensions.swift"; sourceTree = "<group>"; };
		5613CF08216B93ED006DC121 /* GroupMembersCell.swift */ = {isa = PBXFileReference; fileEncoding = 4; lastKnownFileType = sourcecode.swift; path = GroupMembersCell.swift; sourceTree = "<group>"; };
		5613CF09216B93ED006DC121 /* GroupsListNewCell.swift */ = {isa = PBXFileReference; fileEncoding = 4; lastKnownFileType = sourcecode.swift; path = GroupsListNewCell.swift; sourceTree = "<group>"; };
		5613CF0A216B93ED006DC121 /* Groups.storyboard */ = {isa = PBXFileReference; fileEncoding = 4; lastKnownFileType = file.storyboard; path = Groups.storyboard; sourceTree = "<group>"; };
		5613CF0B216B93ED006DC121 /* GroupsListNewController.swift */ = {isa = PBXFileReference; fileEncoding = 4; lastKnownFileType = sourcecode.swift; path = GroupsListNewController.swift; sourceTree = "<group>"; };
		5613CF0C216B93ED006DC121 /* GroupsMembersViewController.swift */ = {isa = PBXFileReference; fileEncoding = 4; lastKnownFileType = sourcecode.swift; path = GroupsMembersViewController.swift; sourceTree = "<group>"; };
		5613CF12216B99F3006DC121 /* ContactHeaderCell.swift */ = {isa = PBXFileReference; fileEncoding = 4; lastKnownFileType = sourcecode.swift; path = ContactHeaderCell.swift; sourceTree = "<group>"; };
		5613CF13216B99F3006DC121 /* AddedContactCell.swift */ = {isa = PBXFileReference; fileEncoding = 4; lastKnownFileType = sourcecode.swift; path = AddedContactCell.swift; sourceTree = "<group>"; };
		5613CF14216B99F3006DC121 /* SearchAndDropDownView.swift */ = {isa = PBXFileReference; fileEncoding = 4; lastKnownFileType = sourcecode.swift; path = SearchAndDropDownView.swift; sourceTree = "<group>"; };
		5613CF15216B99F3006DC121 /* ContactSearchViewController.swift */ = {isa = PBXFileReference; fileEncoding = 4; lastKnownFileType = sourcecode.swift; path = ContactSearchViewController.swift; sourceTree = "<group>"; };
		5613CF16216B99F3006DC121 /* NewContactsCell.swift */ = {isa = PBXFileReference; fileEncoding = 4; lastKnownFileType = sourcecode.swift; path = NewContactsCell.swift; sourceTree = "<group>"; };
		5613CF17216B99F3006DC121 /* ContactSearchHeaderCell.xib */ = {isa = PBXFileReference; fileEncoding = 4; lastKnownFileType = file.xib; path = ContactSearchHeaderCell.xib; sourceTree = "<group>"; };
		5613CF18216B99F3006DC121 /* AddContact.storyboard */ = {isa = PBXFileReference; fileEncoding = 4; lastKnownFileType = file.storyboard; path = AddContact.storyboard; sourceTree = "<group>"; };
		5613CF20216C428D006DC121 /* CurrUserContactsCell.swift */ = {isa = PBXFileReference; fileEncoding = 4; lastKnownFileType = sourcecode.swift; path = CurrUserContactsCell.swift; sourceTree = "<group>"; };
		5613CF21216C428E006DC121 /* UserHeader.swift */ = {isa = PBXFileReference; fileEncoding = 4; lastKnownFileType = sourcecode.swift; path = UserHeader.swift; sourceTree = "<group>"; };
		5613CF22216C428E006DC121 /* CurrUserCell.swift */ = {isa = PBXFileReference; fileEncoding = 4; lastKnownFileType = sourcecode.swift; path = CurrUserCell.swift; sourceTree = "<group>"; };
		5613CF23216C428E006DC121 /* ContactListViewController.swift */ = {isa = PBXFileReference; fileEncoding = 4; lastKnownFileType = sourcecode.swift; path = ContactListViewController.swift; sourceTree = "<group>"; };
		5613CF24216C428E006DC121 /* userCell.xib */ = {isa = PBXFileReference; fileEncoding = 4; lastKnownFileType = file.xib; path = userCell.xib; sourceTree = "<group>"; };
		5613CF25216C428E006DC121 /* CurrUserGroupsCell.swift */ = {isa = PBXFileReference; fileEncoding = 4; lastKnownFileType = sourcecode.swift; path = CurrUserGroupsCell.swift; sourceTree = "<group>"; };
		5613CF26216C428E006DC121 /* userContactCell.xib */ = {isa = PBXFileReference; fileEncoding = 4; lastKnownFileType = file.xib; path = userContactCell.xib; sourceTree = "<group>"; };
		5613CF27216C428E006DC121 /* userHeader.xib */ = {isa = PBXFileReference; fileEncoding = 4; lastKnownFileType = file.xib; path = userHeader.xib; sourceTree = "<group>"; };
		5613CF28216C428E006DC121 /* userGroupCell.xib */ = {isa = PBXFileReference; fileEncoding = 4; lastKnownFileType = file.xib; path = userGroupCell.xib; sourceTree = "<group>"; };
		5613CF33216C4743006DC121 /* Dashboard.storyboard */ = {isa = PBXFileReference; lastKnownFileType = file.storyboard; path = Dashboard.storyboard; sourceTree = "<group>"; };
		56251740216B52D8005D8FC1 /* LandingViewController.swift */ = {isa = PBXFileReference; lastKnownFileType = sourcecode.swift; path = LandingViewController.swift; sourceTree = "<group>"; };
		56251742216B53A5005D8FC1 /* ScrollPager.swift */ = {isa = PBXFileReference; lastKnownFileType = sourcecode.swift; path = ScrollPager.swift; sourceTree = "<group>"; };
		56251744216B6273005D8FC1 /* ChannelListViewController.swift */ = {isa = PBXFileReference; lastKnownFileType = sourcecode.swift; path = ChannelListViewController.swift; sourceTree = "<group>"; };
		565B8BE3216710C3003EB3C2 /* SettingsViewController.swift */ = {isa = PBXFileReference; fileEncoding = 4; lastKnownFileType = sourcecode.swift; path = SettingsViewController.swift; sourceTree = "<group>"; };
		565B8BE4216710C3003EB3C2 /* SettingsTableViewCell.swift */ = {isa = PBXFileReference; fileEncoding = 4; lastKnownFileType = sourcecode.swift; path = SettingsTableViewCell.swift; sourceTree = "<group>"; };
		565B8BE5216710C3003EB3C2 /* SettingsViewModel.swift */ = {isa = PBXFileReference; fileEncoding = 4; lastKnownFileType = sourcecode.swift; path = SettingsViewModel.swift; sourceTree = "<group>"; };
		565B8BEC216711B0003EB3C2 /* ChannelMemberListViewModel.swift */ = {isa = PBXFileReference; fileEncoding = 4; lastKnownFileType = sourcecode.swift; path = ChannelMemberListViewModel.swift; sourceTree = "<group>"; };
		565B8BED216711B0003EB3C2 /* ChannelMemberListTableViewCell.swift */ = {isa = PBXFileReference; fileEncoding = 4; lastKnownFileType = sourcecode.swift; path = ChannelMemberListTableViewCell.swift; sourceTree = "<group>"; };
		565B8BEE216711B0003EB3C2 /* ChannelMemberListViewController.swift */ = {isa = PBXFileReference; fileEncoding = 4; lastKnownFileType = sourcecode.swift; path = ChannelMemberListViewController.swift; sourceTree = "<group>"; };
		565B8BEF216711B0003EB3C2 /* channelmemberlist.json */ = {isa = PBXFileReference; fileEncoding = 4; lastKnownFileType = text.json; path = channelmemberlist.json; sourceTree = "<group>"; };
		565B8BF42167120A003EB3C2 /* MemberDetailViewController.swift */ = {isa = PBXFileReference; fileEncoding = 4; lastKnownFileType = sourcecode.swift; path = MemberDetailViewController.swift; sourceTree = "<group>"; };
		A7D2164D2167636C00684877 /* ChatMessageCell.xib */ = {isa = PBXFileReference; fileEncoding = 4; lastKnownFileType = file.xib; path = ChatMessageCell.xib; sourceTree = "<group>"; };
		A7D216512167636C00684877 /* ConversationView.storyboard */ = {isa = PBXFileReference; fileEncoding = 4; lastKnownFileType = file.storyboard; path = ConversationView.storyboard; sourceTree = "<group>"; };
		A7D216532167636C00684877 /* ConversationViewController.swift */ = {isa = PBXFileReference; fileEncoding = 4; lastKnownFileType = sourcecode.swift; path = ConversationViewController.swift; sourceTree = "<group>"; };
		A7D216542167636C00684877 /* ChatMessageCell.swift */ = {isa = PBXFileReference; fileEncoding = 4; lastKnownFileType = sourcecode.swift; path = ChatMessageCell.swift; sourceTree = "<group>"; };
		A7D2165C2167639C00684877 /* MessageData.swift */ = {isa = PBXFileReference; fileEncoding = 4; lastKnownFileType = sourcecode.swift; path = MessageData.swift; sourceTree = "<group>"; };
		A7D2165E216763A200684877 /* MessageDetails.swift */ = {isa = PBXFileReference; fileEncoding = 4; lastKnownFileType = sourcecode.swift; path = MessageDetails.swift; sourceTree = "<group>"; };
		A7D21660216763A900684877 /* MessageKinds.swift */ = {isa = PBXFileReference; fileEncoding = 4; lastKnownFileType = sourcecode.swift; path = MessageKinds.swift; sourceTree = "<group>"; };
		A7D21662216763B900684877 /* ConversationViewInteractor.swift */ = {isa = PBXFileReference; fileEncoding = 4; lastKnownFileType = sourcecode.swift; path = ConversationViewInteractor.swift; sourceTree = "<group>"; };
		A7D21664216763C300684877 /* ConversationViewPresenter.swift */ = {isa = PBXFileReference; fileEncoding = 4; lastKnownFileType = sourcecode.swift; path = ConversationViewPresenter.swift; sourceTree = "<group>"; };
		A7D21666216763CE00684877 /* ConversationViewProtocols.swift */ = {isa = PBXFileReference; fileEncoding = 4; lastKnownFileType = sourcecode.swift; path = ConversationViewProtocols.swift; sourceTree = "<group>"; };
		A7D21668216763E200684877 /* ConversationViewWireFrame.swift */ = {isa = PBXFileReference; fileEncoding = 4; lastKnownFileType = sourcecode.swift; path = ConversationViewWireFrame.swift; sourceTree = "<group>"; };
		D066F74921677EA800CF286D /* ChannelListViewModel.swift */ = {isa = PBXFileReference; fileEncoding = 4; lastKnownFileType = sourcecode.swift; path = ChannelListViewModel.swift; sourceTree = "<group>"; };
		D066F74A21677EA800CF286D /* channelListDemoData.json */ = {isa = PBXFileReference; fileEncoding = 4; lastKnownFileType = text.json; path = channelListDemoData.json; sourceTree = "<group>"; };
		D09D3F05216615A100E9995B /* ChannelListCell.swift */ = {isa = PBXFileReference; fileEncoding = 4; lastKnownFileType = sourcecode.swift; path = ChannelListCell.swift; sourceTree = "<group>"; };
		D0D6FE5C216233C000C4B843 /* ChannelMenuBar.swift */ = {isa = PBXFileReference; lastKnownFileType = sourcecode.swift; path = ChannelMenuBar.swift; sourceTree = "<group>"; };
		D0D6FE5E21639EDC00C4B843 /* ChannelExtension.swift */ = {isa = PBXFileReference; lastKnownFileType = sourcecode.swift; path = ChannelExtension.swift; sourceTree = "<group>"; };
		D0D6FE602163F32900C4B843 /* MenuCell.swift */ = {isa = PBXFileReference; lastKnownFileType = sourcecode.swift; path = MenuCell.swift; sourceTree = "<group>"; };
		D0D6FE712164792F00C4B843 /* ChannelCell.swift */ = {isa = PBXFileReference; lastKnownFileType = sourcecode.swift; path = ChannelCell.swift; sourceTree = "<group>"; };
		D0D6FE73216492CE00C4B843 /* ChannelCell.xib */ = {isa = PBXFileReference; lastKnownFileType = file.xib; path = ChannelCell.xib; sourceTree = "<group>"; };
		D0D6FE7D2164B76900C4B843 /* SectionHeaderView.xib */ = {isa = PBXFileReference; lastKnownFileType = file.xib; path = SectionHeaderView.xib; sourceTree = "<group>"; };
		D0D6FE7F2164BE0200C4B843 /* SectionHeaderCell.swift */ = {isa = PBXFileReference; lastKnownFileType = sourcecode.swift; path = SectionHeaderCell.swift; sourceTree = "<group>"; };
/* End PBXFileReference section */

/* Begin PBXFrameworksBuildPhase section */
		4D049210214654770071AB9A /* Frameworks */ = {
			isa = PBXFrameworksBuildPhase;
			buildActionMask = 2147483647;
			files = (
			);
			runOnlyForDeploymentPostprocessing = 0;
		};
/* End PBXFrameworksBuildPhase section */

/* Begin PBXGroup section */
		3FC8C08721674C5500E6B881 /* Contact List */ = {
			isa = PBXGroup;
			children = (
				5613CF23216C428E006DC121 /* ContactListViewController.swift */,
				5613CF22216C428E006DC121 /* CurrUserCell.swift */,
				5613CF20216C428D006DC121 /* CurrUserContactsCell.swift */,
				5613CF25216C428E006DC121 /* CurrUserGroupsCell.swift */,
				5613CF24216C428E006DC121 /* userCell.xib */,
				5613CF26216C428E006DC121 /* userContactCell.xib */,
				5613CF28216C428E006DC121 /* userGroupCell.xib */,
				5613CF21216C428E006DC121 /* UserHeader.swift */,
				5613CF27216C428E006DC121 /* userHeader.xib */,
			);
			path = "Contact List";
			sourceTree = "<group>";
		};
		3FC8C090216759DD00E6B881 /* Contact Detail */ = {
			isa = PBXGroup;
			children = (
				565B8BF42167120A003EB3C2 /* MemberDetailViewController.swift */,
			);
			path = "Contact Detail";
			sourceTree = "<group>";
		};
		4D04920A214654770071AB9A = {
			isa = PBXGroup;
			children = (
				4D049215214654770071AB9A /* MCPTT */,
				4D049214214654770071AB9A /* Products */,
				4D6DB14321492CBC001BAD64 /* Frameworks */,
			);
			sourceTree = "<group>";
		};
		4D049214214654770071AB9A /* Products */ = {
			isa = PBXGroup;
			children = (
				4D049213214654770071AB9A /* mcpttapp.app */,
			);
			name = Products;
			sourceTree = "<group>";
		};
		4D049215214654770071AB9A /* MCPTT */ = {
			isa = PBXGroup;
			children = (
				4D98E87D2153CD8300E11EF4 /* Model */,
				4D7CD4E7214679170006EABC /* Application */,
				4D7CD4E6214679160006EABC /* Extensions */,
				4D7CD4E9214679170006EABC /* UI */,
				4D7CD4E5214679160006EABC /* Util */,
				4D04921D214654780071AB9A /* Assets.xcassets */,
				4D04921F214654780071AB9A /* LaunchScreen.storyboard */,
				4D6DB15321492F22001BAD64 /* mcpttapp-Bridging-Header.h */,
				4D049222214654790071AB9A /* Info.plist */,
			);
			path = MCPTT;
			sourceTree = "<group>";
		};
		4D6DB13021492638001BAD64 /* Contact */ = {
			isa = PBXGroup;
			children = (
				4D6DB13921492A58001BAD64 /* Contact.storyboard */,
				3FC8C08721674C5500E6B881 /* Contact List */,
				3FC8C090216759DD00E6B881 /* Contact Detail */,
			);
			path = Contact;
			sourceTree = "<group>";
		};
		4D6DB13121492638001BAD64 /* Login */ = {
			isa = PBXGroup;
			children = (
				4D6DB13321492655001BAD64 /* LoginViewContoller.swift */,
				4D6DB1352149266B001BAD64 /* Login.storyboard */,
				4D6DB13F21492A96001BAD64 /* LoginViewModel.swift */,
			);
			path = Login;
			sourceTree = "<group>";
		};
		4D6DB13221492638001BAD64 /* Channel */ = {
			isa = PBXGroup;
			children = (
				4D6DB13D21492A7D001BAD64 /* Channel.storyboard */,
				56251744216B6273005D8FC1 /* ChannelListViewController.swift */,
				56251742216B53A5005D8FC1 /* ScrollPager.swift */,
				4D6DB14121492B83001BAD64 /* ChannelViewContoller.swift */,
				D0D6FE752164AE6100C4B843 /* MenuBar */,
				D0D6FE772164AE8E00C4B843 /* ChannelList */,
				565B8BEB2167113A003EB3C2 /* ChannelMember */,
			);
			path = Channel;
			sourceTree = "<group>";
		};
		4D6DB14321492CBC001BAD64 /* Frameworks */ = {
			isa = PBXGroup;
			children = (
				4D6DB14421492CBD001BAD64 /* Security.framework */,
			);
			name = Frameworks;
			sourceTree = "<group>";
		};
		4D6DB15421493353001BAD64 /* Setting */ = {
			isa = PBXGroup;
			children = (
				4D6DB15B21493484001BAD64 /* Setting.storyboard */,
				565B8BE3216710C3003EB3C2 /* SettingsViewController.swift */,
				565B8BE5216710C3003EB3C2 /* SettingsViewModel.swift */,
				565B8BE4216710C3003EB3C2 /* SettingsTableViewCell.swift */,
			);
			path = Setting;
			sourceTree = "<group>";
		};
		4D7CD4E5214679160006EABC /* Util */ = {
			isa = PBXGroup;
			children = (
				4D6DB12E2149262D001BAD64 /* EncryptionUtils.swift */,
				4DB894542164C55700A55941 /* CommonUtility.swift */,
				D0D6FE5E21639EDC00C4B843 /* ChannelExtension.swift */,
			);
			path = Util;
			sourceTree = "<group>";
		};
		4D7CD4E6214679160006EABC /* Extensions */ = {
			isa = PBXGroup;
			children = (
				4DB894562164D30600A55941 /* UIViewController+Extensions.swift */,
			);
			path = Extensions;
			sourceTree = "<group>";
		};
		4D7CD4E7214679170006EABC /* Application */ = {
			isa = PBXGroup;
			children = (
				4D7CD4E8214679170006EABC /* AppDelegate.swift */,
			);
			path = Application;
			sourceTree = "<group>";
		};
		4D7CD4E9214679170006EABC /* UI */ = {
			isa = PBXGroup;
			children = (
				4D6DB13121492638001BAD64 /* Login */,
				4D98E8662153C5C300E11EF4 /* InitialScreens */,
				5613CF32216C46BC006DC121 /* Dashboard */,
				4D6DB13221492638001BAD64 /* Channel */,
				4D6DB13021492638001BAD64 /* Contact */,
				A7D2164C2167636C00684877 /* CoversationView */,
				4D98E86F2153C7A300E11EF4 /* Groups */,
				4D98E8782153CB1900E11EF4 /* NotificationPanel */,
				4D6DB15421493353001BAD64 /* Setting */,
			);
			path = UI;
			sourceTree = "<group>";
		};
		4D98E8662153C5C300E11EF4 /* InitialScreens */ = {
			isa = PBXGroup;
			children = (
				4D98E8672153C5C300E11EF4 /* TermAndConditionViewController.swift */,
				4D98E8682153C5C300E11EF4 /* Main.storyboard */,
				4D98E8692153C5C300E11EF4 /* HomeScreenViewController.swift */,
			);
			path = InitialScreens;
			sourceTree = "<group>";
		};
		4D98E86F2153C7A300E11EF4 /* Groups */ = {
			isa = PBXGroup;
			children = (
				4D98E8702153C7A300E11EF4 /* GroupsListViewController.swift */,
				5613CF08216B93ED006DC121 /* GroupMembersCell.swift */,
				5613CF18216B99F3006DC121 /* AddContact.storyboard */,
				5613CF13216B99F3006DC121 /* AddedContactCell.swift */,
				5613CF12216B99F3006DC121 /* ContactHeaderCell.swift */,
				5613CF17216B99F3006DC121 /* ContactSearchHeaderCell.xib */,
				5613CF15216B99F3006DC121 /* ContactSearchViewController.swift */,
				5613CF16216B99F3006DC121 /* NewContactsCell.swift */,
				5613CF14216B99F3006DC121 /* SearchAndDropDownView.swift */,
				5613CF0A216B93ED006DC121 /* Groups.storyboard */,
				5613CF09216B93ED006DC121 /* GroupsListNewCell.swift */,
				5613CF0B216B93ED006DC121 /* GroupsListNewController.swift */,
				5613CF0C216B93ED006DC121 /* GroupsMembersViewController.swift */,
				4D98E8722153C7F100E11EF4 /* GroupMembersViewController.swift */,
				4D98E8742153C88F00E11EF4 /* Group.storyboard */,
			);
			path = Groups;
			sourceTree = "<group>";
		};
		4D98E8782153CB1900E11EF4 /* NotificationPanel */ = {
			isa = PBXGroup;
			children = (
				4D98E8792153CB4600E11EF4 /* NotificationPanelViewController.swift */,
				4D98E87B2153CB6C00E11EF4 /* NotificationPanel.storyboard */,
			);
			path = NotificationPanel;
			sourceTree = "<group>";
		};
		4D98E87D2153CD8300E11EF4 /* Model */ = {
			isa = PBXGroup;
			children = (
				4D98E87E2153CD8300E11EF4 /* Database */,
				4D98E87F2153CD8300E11EF4 /* Cipher */,
				4D98E8802153CD8300E11EF4 /* Common */,
			);
			path = Model;
			sourceTree = "<group>";
		};
		4D98E87E2153CD8300E11EF4 /* Database */ = {
			isa = PBXGroup;
			children = (
				4D98E88D2153CF4800E11EF4 /* ContactDatabaseHelper.swift */,
			);
			path = Database;
			sourceTree = "<group>";
		};
		4D98E87F2153CD8300E11EF4 /* Cipher */ = {
			isa = PBXGroup;
			children = (
				4D98E8832153CE4100E11EF4 /* AESCipher.swift */,
				4D98E8842153CE4100E11EF4 /* ICipher.swift */,
				4D98E8812153CE1300E11EF4 /* AES256Cipher.swift */,
			);
			path = Cipher;
			sourceTree = "<group>";
		};
		4D98E8802153CD8300E11EF4 /* Common */ = {
			isa = PBXGroup;
			children = (
				4D98E8882153CEF100E11EF4 /* IPValidator.swift */,
				4D98E8872153CEF100E11EF4 /* ModelConstants.swift */,
				4D98E8892153CEF100E11EF4 /* RSAEncryptDecrypt.swift */,
			);
			path = Common;
			sourceTree = "<group>";
		};
		5613CF32216C46BC006DC121 /* Dashboard */ = {
			isa = PBXGroup;
			children = (
				5613CF33216C4743006DC121 /* Dashboard.storyboard */,
				56251740216B52D8005D8FC1 /* LandingViewController.swift */,
			);
			path = Dashboard;
			sourceTree = "<group>";
		};
		565B8BEB2167113A003EB3C2 /* ChannelMember */ = {
			isa = PBXGroup;
			children = (
				565B8BEE216711B0003EB3C2 /* ChannelMemberListViewController.swift */,
				565B8BEC216711B0003EB3C2 /* ChannelMemberListViewModel.swift */,
				565B8BED216711B0003EB3C2 /* ChannelMemberListTableViewCell.swift */,
				565B8BEF216711B0003EB3C2 /* channelmemberlist.json */,
			);
			path = ChannelMember;
			sourceTree = "<group>";
		};
		A7D2164C2167636C00684877 /* CoversationView */ = {
			isa = PBXGroup;
			children = (
				A7D216512167636C00684877 /* ConversationView.storyboard */,
				A7D2164D2167636C00684877 /* ChatMessageCell.xib */,
				A7D2164E2167636C00684877 /* Entity */,
				A7D2164F2167636C00684877 /* Presenter */,
				A7D216502167636C00684877 /* WireFrame */,
				A7D21668216763E200684877 /* ConversationViewWireFrame.swift */,
				A7D216522167636C00684877 /* View */,
				A7D216552167636C00684877 /* Utiltiy */,
				A7D216562167636C00684877 /* Protocols */,
				A7D216572167636C00684877 /* Interactor */,
			);
			path = CoversationView;
			sourceTree = "<group>";
		};
		A7D2164E2167636C00684877 /* Entity */ = {
			isa = PBXGroup;
			children = (
				A7D2165C2167639C00684877 /* MessageData.swift */,
				A7D2165E216763A200684877 /* MessageDetails.swift */,
				A7D21660216763A900684877 /* MessageKinds.swift */,
			);
			path = Entity;
			sourceTree = "<group>";
		};
		A7D2164F2167636C00684877 /* Presenter */ = {
			isa = PBXGroup;
			children = (
				A7D21664216763C300684877 /* ConversationViewPresenter.swift */,
			);
			path = Presenter;
			sourceTree = "<group>";
		};
		A7D216502167636C00684877 /* WireFrame */ = {
			isa = PBXGroup;
			children = (
			);
			path = WireFrame;
			sourceTree = "<group>";
		};
		A7D216522167636C00684877 /* View */ = {
			isa = PBXGroup;
			children = (
				A7D216532167636C00684877 /* ConversationViewController.swift */,
				A7D216542167636C00684877 /* ChatMessageCell.swift */,
			);
			path = View;
			sourceTree = "<group>";
		};
		A7D216552167636C00684877 /* Utiltiy */ = {
			isa = PBXGroup;
			children = (
			);
			path = Utiltiy;
			sourceTree = "<group>";
		};
		A7D216562167636C00684877 /* Protocols */ = {
			isa = PBXGroup;
			children = (
				A7D21666216763CE00684877 /* ConversationViewProtocols.swift */,
			);
			path = Protocols;
			sourceTree = "<group>";
		};
		A7D216572167636C00684877 /* Interactor */ = {
			isa = PBXGroup;
			children = (
				A7D21662216763B900684877 /* ConversationViewInteractor.swift */,
			);
			path = Interactor;
			sourceTree = "<group>";
		};
		D066F74821677EA800CF286D /* ChannelListModel */ = {
			isa = PBXGroup;
			children = (
				D066F74921677EA800CF286D /* ChannelListViewModel.swift */,
				D066F74A21677EA800CF286D /* channelListDemoData.json */,
			);
			path = ChannelListModel;
			sourceTree = "<group>";
		};
		D0D6FE752164AE6100C4B843 /* MenuBar */ = {
			isa = PBXGroup;
			children = (
				D0D6FE5C216233C000C4B843 /* ChannelMenuBar.swift */,
				D0D6FE602163F32900C4B843 /* MenuCell.swift */,
			);
			path = MenuBar;
			sourceTree = "<group>";
		};
		D0D6FE772164AE8E00C4B843 /* ChannelList */ = {
			isa = PBXGroup;
			children = (
				D066F74821677EA800CF286D /* ChannelListModel */,
				D09D3F05216615A100E9995B /* ChannelListCell.swift */,
				D0D6FE712164792F00C4B843 /* ChannelCell.swift */,
				D0D6FE73216492CE00C4B843 /* ChannelCell.xib */,
				D0D6FE7D2164B76900C4B843 /* SectionHeaderView.xib */,
				D0D6FE7F2164BE0200C4B843 /* SectionHeaderCell.swift */,
			);
			path = ChannelList;
			sourceTree = "<group>";
		};
/* End PBXGroup section */

/* Begin PBXNativeTarget section */
		4D049212214654770071AB9A /* mcpttapp */ = {
			isa = PBXNativeTarget;
			buildConfigurationList = 4D049225214654790071AB9A /* Build configuration list for PBXNativeTarget "mcpttapp" */;
			buildPhases = (
				4D04920F214654770071AB9A /* Sources */,
				4D049210214654770071AB9A /* Frameworks */,
				4D049211214654770071AB9A /* Resources */,
				4DB8946E2167AA6A00A55941 /* ShellScript */,
			);
			buildRules = (
			);
			dependencies = (
			);
			name = mcpttapp;
			productName = MCPTT;
			productReference = 4D049213214654770071AB9A /* mcpttapp.app */;
			productType = "com.apple.product-type.application";
		};
/* End PBXNativeTarget section */

/* Begin PBXProject section */
		4D04920B214654770071AB9A /* Project object */ = {
			isa = PBXProject;
			attributes = {
				LastSwiftUpdateCheck = 0940;
				LastUpgradeCheck = 0940;
				ORGANIZATIONNAME = "Harman connected services";
				TargetAttributes = {
					4D049212214654770071AB9A = {
						CreatedOnToolsVersion = 9.4.1;
					};
				};
			};
			buildConfigurationList = 4D04920E214654770071AB9A /* Build configuration list for PBXProject "mcpttapp" */;
			compatibilityVersion = "Xcode 9.3";
			developmentRegion = en;
			hasScannedForEncodings = 0;
			knownRegions = (
				en,
				Base,
			);
			mainGroup = 4D04920A214654770071AB9A;
			productRefGroup = 4D049214214654770071AB9A /* Products */;
			projectDirPath = "";
			projectRoot = "";
			targets = (
				4D049212214654770071AB9A /* mcpttapp */,
			);
		};
/* End PBXProject section */

/* Begin PBXResourcesBuildPhase section */
		4D049211214654770071AB9A /* Resources */ = {
			isa = PBXResourcesBuildPhase;
			buildActionMask = 2147483647;
			files = (
				4D98E86B2153C5C300E11EF4 /* Main.storyboard in Resources */,
				565B8BF3216711B0003EB3C2 /* channelmemberlist.json in Resources */,
				4D6DB13E21492A7D001BAD64 /* Channel.storyboard in Resources */,
				5613CF2D216C428E006DC121 /* userCell.xib in Resources */,
				A7D216582167636C00684877 /* ChatMessageCell.xib in Resources */,
				D066F74C21677EA800CF286D /* channelListDemoData.json in Resources */,
				5613CF0F216B93ED006DC121 /* Groups.storyboard in Resources */,
				4D6DB1362149266B001BAD64 /* Login.storyboard in Resources */,
				4D98E87C2153CB6C00E11EF4 /* NotificationPanel.storyboard in Resources */,
				5613CF1F216B99F3006DC121 /* AddContact.storyboard in Resources */,
				5613CF30216C428E006DC121 /* userHeader.xib in Resources */,
				4D6DB15C21493484001BAD64 /* Setting.storyboard in Resources */,
				4D98E8752153C88F00E11EF4 /* Group.storyboard in Resources */,
				4D049221214654780071AB9A /* LaunchScreen.storyboard in Resources */,
				D0D6FE7E2164B76900C4B843 /* SectionHeaderView.xib in Resources */,
				D0D6FE74216492CE00C4B843 /* ChannelCell.xib in Resources */,
				5613CF2F216C428E006DC121 /* userContactCell.xib in Resources */,
				5613CF1E216B99F3006DC121 /* ContactSearchHeaderCell.xib in Resources */,
				4D04921E214654780071AB9A /* Assets.xcassets in Resources */,
				A7D216592167636C00684877 /* ConversationView.storyboard in Resources */,
				5613CF31216C428E006DC121 /* userGroupCell.xib in Resources */,
				5613CF34216C4743006DC121 /* Dashboard.storyboard in Resources */,
				4D6DB13A21492A58001BAD64 /* Contact.storyboard in Resources */,
			);
			runOnlyForDeploymentPostprocessing = 0;
		};
/* End PBXResourcesBuildPhase section */

/* Begin PBXShellScriptBuildPhase section */
		4DB8946E2167AA6A00A55941 /* ShellScript */ = {
			isa = PBXShellScriptBuildPhase;
			buildActionMask = 2147483647;
			files = (
			);
			inputPaths = (
			);
			outputPaths = (
			);
			runOnlyForDeploymentPostprocessing = 0;
			shellPath = /bin/sh;
			shellScript = "if which swiftlint >/dev/null; then\nswiftlint\nelse\necho \"warning: SwiftLint not installed, download from https://github.com/realm/SwiftLint\"\nfi";
		};
/* End PBXShellScriptBuildPhase section */

/* Begin PBXSourcesBuildPhase section */
		4D04920F214654770071AB9A /* Sources */ = {
			isa = PBXSourcesBuildPhase;
			buildActionMask = 2147483647;
			files = (
				4D98E8712153C7A400E11EF4 /* GroupsListViewController.swift in Sources */,
				5613CF0D216B93ED006DC121 /* GroupMembersCell.swift in Sources */,
				4D98E88E2153CF4800E11EF4 /* ContactDatabaseHelper.swift in Sources */,
				565B8BE7216710C3003EB3C2 /* SettingsTableViewCell.swift in Sources */,
				4D98E8862153CE4100E11EF4 /* ICipher.swift in Sources */,
				4DB894572164D30600A55941 /* UIViewController+Extensions.swift in Sources */,
				D066F74B21677EA800CF286D /* ChannelListViewModel.swift in Sources */,
				5613CF2E216C428E006DC121 /* CurrUserGroupsCell.swift in Sources */,
				4D98E88B2153CEF100E11EF4 /* IPValidator.swift in Sources */,
				5613CF11216B93ED006DC121 /* GroupsMembersViewController.swift in Sources */,
				4D6DB14221492B83001BAD64 /* ChannelViewContoller.swift in Sources */,
				4D98E87A2153CB4600E11EF4 /* NotificationPanelViewController.swift in Sources */,
				A7D21661216763A900684877 /* MessageKinds.swift in Sources */,
				D0D6FE5F21639EDC00C4B843 /* ChannelExtension.swift in Sources */,
				565B8BF52167120A003EB3C2 /* MemberDetailViewController.swift in Sources */,
				A7D21663216763B900684877 /* ConversationViewInteractor.swift in Sources */,
				4D6DB12F2149262D001BAD64 /* EncryptionUtils.swift in Sources */,
				5613CF1C216B99F3006DC121 /* ContactSearchViewController.swift in Sources */,
				4D98E8852153CE4100E11EF4 /* AESCipher.swift in Sources */,
				565B8BF0216711B0003EB3C2 /* ChannelMemberListViewModel.swift in Sources */,
				4D6DB13421492655001BAD64 /* LoginViewContoller.swift in Sources */,
				5613CF2B216C428E006DC121 /* CurrUserCell.swift in Sources */,
				A7D21667216763CE00684877 /* ConversationViewProtocols.swift in Sources */,
				4D98E88A2153CEF100E11EF4 /* ModelConstants.swift in Sources */,
				56251741216B52D8005D8FC1 /* LandingViewController.swift in Sources */,
				56251743216B53A5005D8FC1 /* ScrollPager.swift in Sources */,
				5613CF2C216C428E006DC121 /* ContactListViewController.swift in Sources */,
				565B8BE8216710C3003EB3C2 /* SettingsViewModel.swift in Sources */,
				4D98E86C2153C5C300E11EF4 /* HomeScreenViewController.swift in Sources */,
				A7D2165B2167636C00684877 /* ChatMessageCell.swift in Sources */,
				5613CF2A216C428E006DC121 /* UserHeader.swift in Sources */,
				D0D6FE612163F32900C4B843 /* MenuCell.swift in Sources */,
				4D98E8732153C7F100E11EF4 /* GroupMembersViewController.swift in Sources */,
				5613CF1B216B99F3006DC121 /* SearchAndDropDownView.swift in Sources */,
				5613CF10216B93ED006DC121 /* GroupsListNewController.swift in Sources */,
				5613CF29216C428E006DC121 /* CurrUserContactsCell.swift in Sources */,
				A7D2165D2167639C00684877 /* MessageData.swift in Sources */,
				5613CF1D216B99F3006DC121 /* NewContactsCell.swift in Sources */,
				D0D6FE722164792F00C4B843 /* ChannelCell.swift in Sources */,
				4D98E88C2153CEF100E11EF4 /* RSAEncryptDecrypt.swift in Sources */,
				4D98E86A2153C5C300E11EF4 /* TermAndConditionViewController.swift in Sources */,
				4DB894552164C55700A55941 /* CommonUtility.swift in Sources */,
				5613CF0E216B93ED006DC121 /* GroupsListNewCell.swift in Sources */,
				A7D2165A2167636C00684877 /* ConversationViewController.swift in Sources */,
				565B8BE6216710C3003EB3C2 /* SettingsViewController.swift in Sources */,
				56251745216B6273005D8FC1 /* ChannelListViewController.swift in Sources */,
				D09D3F06216615A100E9995B /* ChannelListCell.swift in Sources */,
				4D7CD4EC214679170006EABC /* AppDelegate.swift in Sources */,
				D0D6FE802164BE0200C4B843 /* SectionHeaderCell.swift in Sources */,
				5613CF19216B99F3006DC121 /* ContactHeaderCell.swift in Sources */,
				A7D2165F216763A300684877 /* MessageDetails.swift in Sources */,
				A7D21669216763E200684877 /* ConversationViewWireFrame.swift in Sources */,
				D0D6FE5D216233C000C4B843 /* ChannelMenuBar.swift in Sources */,
				565B8BF1216711B0003EB3C2 /* ChannelMemberListTableViewCell.swift in Sources */,
				565B8BF2216711B0003EB3C2 /* ChannelMemberListViewController.swift in Sources */,
				4D98E8822153CE1300E11EF4 /* AES256Cipher.swift in Sources */,
				A7D21665216763C300684877 /* ConversationViewPresenter.swift in Sources */,
				4D6DB14021492A96001BAD64 /* LoginViewModel.swift in Sources */,
				5613CF1A216B99F3006DC121 /* AddedContactCell.swift in Sources */,
			);
			runOnlyForDeploymentPostprocessing = 0;
		};
/* End PBXSourcesBuildPhase section */

/* Begin PBXVariantGroup section */
		4D04921F214654780071AB9A /* LaunchScreen.storyboard */ = {
			isa = PBXVariantGroup;
			children = (
				4D049220214654780071AB9A /* Base */,
			);
			name = LaunchScreen.storyboard;
			sourceTree = "<group>";
		};
/* End PBXVariantGroup section */

/* Begin XCBuildConfiguration section */
		4D049223214654790071AB9A /* Debug */ = {
			isa = XCBuildConfiguration;
			buildSettings = {
				ALWAYS_SEARCH_USER_PATHS = NO;
				CLANG_ANALYZER_NONNULL = YES;
				CLANG_ANALYZER_NUMBER_OBJECT_CONVERSION = YES_AGGRESSIVE;
				CLANG_CXX_LANGUAGE_STANDARD = "gnu++14";
				CLANG_CXX_LIBRARY = "libc++";
				CLANG_ENABLE_MODULES = YES;
				CLANG_ENABLE_OBJC_ARC = YES;
				CLANG_ENABLE_OBJC_WEAK = YES;
				CLANG_WARN_BLOCK_CAPTURE_AUTORELEASING = YES;
				CLANG_WARN_BOOL_CONVERSION = YES;
				CLANG_WARN_COMMA = YES;
				CLANG_WARN_CONSTANT_CONVERSION = YES;
				CLANG_WARN_DEPRECATED_OBJC_IMPLEMENTATIONS = YES;
				CLANG_WARN_DIRECT_OBJC_ISA_USAGE = YES_ERROR;
				CLANG_WARN_DOCUMENTATION_COMMENTS = YES;
				CLANG_WARN_EMPTY_BODY = YES;
				CLANG_WARN_ENUM_CONVERSION = YES;
				CLANG_WARN_INFINITE_RECURSION = YES;
				CLANG_WARN_INT_CONVERSION = YES;
				CLANG_WARN_NON_LITERAL_NULL_CONVERSION = YES;
				CLANG_WARN_OBJC_IMPLICIT_RETAIN_SELF = YES;
				CLANG_WARN_OBJC_LITERAL_CONVERSION = YES;
				CLANG_WARN_OBJC_ROOT_CLASS = YES_ERROR;
				CLANG_WARN_RANGE_LOOP_ANALYSIS = YES;
				CLANG_WARN_STRICT_PROTOTYPES = YES;
				CLANG_WARN_SUSPICIOUS_MOVE = YES;
				CLANG_WARN_UNGUARDED_AVAILABILITY = YES_AGGRESSIVE;
				CLANG_WARN_UNREACHABLE_CODE = YES;
				CLANG_WARN__DUPLICATE_METHOD_MATCH = YES;
				CODE_SIGN_IDENTITY = "iPhone Developer";
				COPY_PHASE_STRIP = NO;
				DEBUG_INFORMATION_FORMAT = dwarf;
				ENABLE_STRICT_OBJC_MSGSEND = YES;
				ENABLE_TESTABILITY = YES;
				GCC_C_LANGUAGE_STANDARD = gnu11;
				GCC_DYNAMIC_NO_PIC = NO;
				GCC_NO_COMMON_BLOCKS = YES;
				GCC_OPTIMIZATION_LEVEL = 0;
				GCC_PREPROCESSOR_DEFINITIONS = (
					"DEBUG=1",
					"$(inherited)",
				);
				GCC_WARN_64_TO_32_BIT_CONVERSION = YES;
				GCC_WARN_ABOUT_RETURN_TYPE = YES_ERROR;
				GCC_WARN_UNDECLARED_SELECTOR = YES;
				GCC_WARN_UNINITIALIZED_AUTOS = YES_AGGRESSIVE;
				GCC_WARN_UNUSED_FUNCTION = YES;
				GCC_WARN_UNUSED_VARIABLE = YES;
				IPHONEOS_DEPLOYMENT_TARGET = 11.4;
				MTL_ENABLE_DEBUG_INFO = YES;
				ONLY_ACTIVE_ARCH = YES;
				SDKROOT = iphoneos;
				SWIFT_ACTIVE_COMPILATION_CONDITIONS = DEBUG;
				SWIFT_OPTIMIZATION_LEVEL = "-Onone";
			};
			name = Debug;
		};
		4D049224214654790071AB9A /* Release */ = {
			isa = XCBuildConfiguration;
			buildSettings = {
				ALWAYS_SEARCH_USER_PATHS = NO;
				CLANG_ANALYZER_NONNULL = YES;
				CLANG_ANALYZER_NUMBER_OBJECT_CONVERSION = YES_AGGRESSIVE;
				CLANG_CXX_LANGUAGE_STANDARD = "gnu++14";
				CLANG_CXX_LIBRARY = "libc++";
				CLANG_ENABLE_MODULES = YES;
				CLANG_ENABLE_OBJC_ARC = YES;
				CLANG_ENABLE_OBJC_WEAK = YES;
				CLANG_WARN_BLOCK_CAPTURE_AUTORELEASING = YES;
				CLANG_WARN_BOOL_CONVERSION = YES;
				CLANG_WARN_COMMA = YES;
				CLANG_WARN_CONSTANT_CONVERSION = YES;
				CLANG_WARN_DEPRECATED_OBJC_IMPLEMENTATIONS = YES;
				CLANG_WARN_DIRECT_OBJC_ISA_USAGE = YES_ERROR;
				CLANG_WARN_DOCUMENTATION_COMMENTS = YES;
				CLANG_WARN_EMPTY_BODY = YES;
				CLANG_WARN_ENUM_CONVERSION = YES;
				CLANG_WARN_INFINITE_RECURSION = YES;
				CLANG_WARN_INT_CONVERSION = YES;
				CLANG_WARN_NON_LITERAL_NULL_CONVERSION = YES;
				CLANG_WARN_OBJC_IMPLICIT_RETAIN_SELF = YES;
				CLANG_WARN_OBJC_LITERAL_CONVERSION = YES;
				CLANG_WARN_OBJC_ROOT_CLASS = YES_ERROR;
				CLANG_WARN_RANGE_LOOP_ANALYSIS = YES;
				CLANG_WARN_STRICT_PROTOTYPES = YES;
				CLANG_WARN_SUSPICIOUS_MOVE = YES;
				CLANG_WARN_UNGUARDED_AVAILABILITY = YES_AGGRESSIVE;
				CLANG_WARN_UNREACHABLE_CODE = YES;
				CLANG_WARN__DUPLICATE_METHOD_MATCH = YES;
				CODE_SIGN_IDENTITY = "iPhone Developer";
				COPY_PHASE_STRIP = NO;
				DEBUG_INFORMATION_FORMAT = "dwarf-with-dsym";
				ENABLE_NS_ASSERTIONS = NO;
				ENABLE_STRICT_OBJC_MSGSEND = YES;
				GCC_C_LANGUAGE_STANDARD = gnu11;
				GCC_NO_COMMON_BLOCKS = YES;
				GCC_WARN_64_TO_32_BIT_CONVERSION = YES;
				GCC_WARN_ABOUT_RETURN_TYPE = YES_ERROR;
				GCC_WARN_UNDECLARED_SELECTOR = YES;
				GCC_WARN_UNINITIALIZED_AUTOS = YES_AGGRESSIVE;
				GCC_WARN_UNUSED_FUNCTION = YES;
				GCC_WARN_UNUSED_VARIABLE = YES;
				IPHONEOS_DEPLOYMENT_TARGET = 11.4;
				MTL_ENABLE_DEBUG_INFO = NO;
				SDKROOT = iphoneos;
				SWIFT_COMPILATION_MODE = wholemodule;
				SWIFT_OPTIMIZATION_LEVEL = "-O";
				VALIDATE_PRODUCT = YES;
			};
			name = Release;
		};
		4D049226214654790071AB9A /* Debug */ = {
			isa = XCBuildConfiguration;
			buildSettings = {
				ASSETCATALOG_COMPILER_APPICON_NAME = AppIcon;
				CODE_SIGN_STYLE = Automatic;
				DEVELOPMENT_TEAM = BXL73SAJUU;
				FRAMEWORK_SEARCH_PATHS = (
					"$(inherited)",
					"$(PROJECT_DIR)/Carthage/Build/iOS",
				);
				INFOPLIST_FILE = MCPTT/Info.plist;
				LD_RUNPATH_SEARCH_PATHS = (
					"$(inherited)",
					"@executable_path/Frameworks",
				);
				PRODUCT_BUNDLE_IDENTIFIER = Samsung.MCPTT;
				PRODUCT_NAME = "$(TARGET_NAME)";
				SWIFT_VERSION = 4.0;
				TARGETED_DEVICE_FAMILY = "1,2";
			};
			name = Debug;
		};
		4D049227214654790071AB9A /* Release */ = {
			isa = XCBuildConfiguration;
			buildSettings = {
				ASSETCATALOG_COMPILER_APPICON_NAME = AppIcon;
				CODE_SIGN_STYLE = Automatic;
				DEVELOPMENT_TEAM = BXL73SAJUU;
				FRAMEWORK_SEARCH_PATHS = (
					"$(inherited)",
					"$(PROJECT_DIR)/Carthage/Build/iOS",
				);
				INFOPLIST_FILE = MCPTT/Info.plist;
				LD_RUNPATH_SEARCH_PATHS = (
					"$(inherited)",
					"@executable_path/Frameworks",
				);
				PRODUCT_BUNDLE_IDENTIFIER = Samsung.MCPTT;
				PRODUCT_NAME = "$(TARGET_NAME)";
				SWIFT_VERSION = 4.0;
				TARGETED_DEVICE_FAMILY = "1,2";
			};
			name = Release;
		};
/* End XCBuildConfiguration section */

/* Begin XCConfigurationList section */
		4D04920E214654770071AB9A /* Build configuration list for PBXProject "mcpttapp" */ = {
			isa = XCConfigurationList;
			buildConfigurations = (
				4D049223214654790071AB9A /* Debug */,
				4D049224214654790071AB9A /* Release */,
			);
			defaultConfigurationIsVisible = 0;
			defaultConfigurationName = Release;
		};
		4D049225214654790071AB9A /* Build configuration list for PBXNativeTarget "mcpttapp" */ = {
			isa = XCConfigurationList;
			buildConfigurations = (
				4D049226214654790071AB9A /* Debug */,
				4D049227214654790071AB9A /* Release */,
			);
			defaultConfigurationIsVisible = 0;
			defaultConfigurationName = Release;
		};
/* End XCConfigurationList section */
	};
	rootObject = 4D04920B214654770071AB9A /* Project object */;
}
