// !$*UTF8*$!
{
	archiveVersion = 1;
	classes = {
	};
	objectVersion = 50;
	objects = {

/* Begin PBXBuildFile section */
		4D04921E214654780071AB9A /* Assets.xcassets in Resources */ = {isa = PBXBuildFile; fileRef = 4D04921D214654780071AB9A /* Assets.xcassets */; };
		4D049221214654780071AB9A /* LaunchScreen.storyboard in Resources */ = {isa = PBXBuildFile; fileRef = 4D04921F214654780071AB9A /* LaunchScreen.storyboard */; };
		4D6DB12F2149262D001BAD64 /* EncryptionUtils.swift in Sources */ = {isa = PBXBuildFile; fileRef = 4D6DB12E2149262D001BAD64 /* EncryptionUtils.swift */; };
		4D6DB13421492655001BAD64 /* LoginViewContoller.swift in Sources */ = {isa = PBXBuildFile; fileRef = 4D6DB13321492655001BAD64 /* LoginViewContoller.swift */; };
		4D6DB1362149266B001BAD64 /* Login.storyboard in Resources */ = {isa = PBXBuildFile; fileRef = 4D6DB1352149266B001BAD64 /* Login.storyboard */; };
		4D6DB13821492A46001BAD64 /* ContactListViewContoller.swift in Sources */ = {isa = PBXBuildFile; fileRef = 4D6DB13721492A46001BAD64 /* ContactListViewContoller.swift */; };
		4D6DB13A21492A58001BAD64 /* Contact.storyboard in Resources */ = {isa = PBXBuildFile; fileRef = 4D6DB13921492A58001BAD64 /* Contact.storyboard */; };
		4D6DB13C21492A6D001BAD64 /* ChannelListViewContoller.swift in Sources */ = {isa = PBXBuildFile; fileRef = 4D6DB13B21492A6D001BAD64 /* ChannelListViewContoller.swift */; };
		4D6DB13E21492A7D001BAD64 /* Channel.storyboard in Resources */ = {isa = PBXBuildFile; fileRef = 4D6DB13D21492A7D001BAD64 /* Channel.storyboard */; };
		4D6DB14021492A96001BAD64 /* LoginViewModel.swift in Sources */ = {isa = PBXBuildFile; fileRef = 4D6DB13F21492A96001BAD64 /* LoginViewModel.swift */; };
		4D6DB14221492B83001BAD64 /* ChannelDetailViewContoller.swift in Sources */ = {isa = PBXBuildFile; fileRef = 4D6DB14121492B83001BAD64 /* ChannelDetailViewContoller.swift */; };
		4D7CD4EC214679170006EABC /* AppDelegate.swift in Sources */ = {isa = PBXBuildFile; fileRef = 4D7CD4E8214679170006EABC /* AppDelegate.swift */; };
		4D7CD4ED214679170006EABC /* ViewController.swift in Sources */ = {isa = PBXBuildFile; fileRef = 4D7CD4EA214679170006EABC /* ViewController.swift */; };
		4D7CD4EE214679170006EABC /* Main.storyboard in Resources */ = {isa = PBXBuildFile; fileRef = 4D7CD4EB214679170006EABC /* Main.storyboard */; };
/* End PBXBuildFile section */

/* Begin PBXFileReference section */
		4D049213214654770071AB9A /* mcpttapp.app */ = {isa = PBXFileReference; explicitFileType = wrapper.application; includeInIndex = 0; path = mcpttapp.app; sourceTree = BUILT_PRODUCTS_DIR; };
		4D04921D214654780071AB9A /* Assets.xcassets */ = {isa = PBXFileReference; lastKnownFileType = folder.assetcatalog; path = Assets.xcassets; sourceTree = "<group>"; };
		4D049220214654780071AB9A /* Base */ = {isa = PBXFileReference; lastKnownFileType = file.storyboard; name = Base; path = Base.lproj/LaunchScreen.storyboard; sourceTree = "<group>"; };
		4D049222214654790071AB9A /* Info.plist */ = {isa = PBXFileReference; lastKnownFileType = text.plist.xml; path = Info.plist; sourceTree = "<group>"; };
		4D6DB12E2149262D001BAD64 /* EncryptionUtils.swift */ = {isa = PBXFileReference; fileEncoding = 4; lastKnownFileType = sourcecode.swift; path = EncryptionUtils.swift; sourceTree = "<group>"; };
		4D6DB13321492655001BAD64 /* LoginViewContoller.swift */ = {isa = PBXFileReference; lastKnownFileType = sourcecode.swift; path = LoginViewContoller.swift; sourceTree = "<group>"; };
		4D6DB1352149266B001BAD64 /* Login.storyboard */ = {isa = PBXFileReference; lastKnownFileType = file.storyboard; path = Login.storyboard; sourceTree = "<group>"; };
		4D6DB13721492A46001BAD64 /* ContactListViewContoller.swift */ = {isa = PBXFileReference; lastKnownFileType = sourcecode.swift; path = ContactListViewContoller.swift; sourceTree = "<group>"; };
		4D6DB13921492A58001BAD64 /* Contact.storyboard */ = {isa = PBXFileReference; lastKnownFileType = file.storyboard; path = Contact.storyboard; sourceTree = "<group>"; };
		4D6DB13B21492A6D001BAD64 /* ChannelListViewContoller.swift */ = {isa = PBXFileReference; lastKnownFileType = sourcecode.swift; path = ChannelListViewContoller.swift; sourceTree = "<group>"; };
		4D6DB13D21492A7D001BAD64 /* Channel.storyboard */ = {isa = PBXFileReference; lastKnownFileType = file.storyboard; path = Channel.storyboard; sourceTree = "<group>"; };
		4D6DB13F21492A96001BAD64 /* LoginViewModel.swift */ = {isa = PBXFileReference; lastKnownFileType = sourcecode.swift; path = LoginViewModel.swift; sourceTree = "<group>"; };
		4D6DB14121492B83001BAD64 /* ChannelDetailViewContoller.swift */ = {isa = PBXFileReference; lastKnownFileType = sourcecode.swift; path = ChannelDetailViewContoller.swift; sourceTree = "<group>"; };
		4D6DB14421492CBD001BAD64 /* Security.framework */ = {isa = PBXFileReference; lastKnownFileType = wrapper.framework; name = Security.framework; path = System/Library/Frameworks/Security.framework; sourceTree = SDKROOT; };
		4D6DB15321492F22001BAD64 /* mcpttapp-Bridging-Header.h */ = {isa = PBXFileReference; fileEncoding = 4; lastKnownFileType = sourcecode.c.h; path = "mcpttapp-Bridging-Header.h"; sourceTree = "<group>"; };
		4D7CD4E8214679170006EABC /* AppDelegate.swift */ = {isa = PBXFileReference; fileEncoding = 4; lastKnownFileType = sourcecode.swift; path = AppDelegate.swift; sourceTree = "<group>"; };
		4D7CD4EA214679170006EABC /* ViewController.swift */ = {isa = PBXFileReference; fileEncoding = 4; lastKnownFileType = sourcecode.swift; path = ViewController.swift; sourceTree = "<group>"; };
		4D7CD4EB214679170006EABC /* Main.storyboard */ = {isa = PBXFileReference; fileEncoding = 4; lastKnownFileType = file.storyboard; path = Main.storyboard; sourceTree = "<group>"; };
/* End PBXFileReference section */

/* Begin PBXFrameworksBuildPhase section */
		4D049210214654770071AB9A /* Frameworks */ = {
			isa = PBXFrameworksBuildPhase;
			buildActionMask = 2147483647;
			files = (
			);
			runOnlyForDeploymentPostprocessing = 0;
		};
/* End PBXFrameworksBuildPhase section */

/* Begin PBXGroup section */
		4D04920A214654770071AB9A = {
			isa = PBXGroup;
			children = (
				4D049215214654770071AB9A /* MCPTT */,
				4D049214214654770071AB9A /* Products */,
				4D6DB14321492CBC001BAD64 /* Frameworks */,
			);
			sourceTree = "<group>";
		};
		4D049214214654770071AB9A /* Products */ = {
			isa = PBXGroup;
			children = (
				4D049213214654770071AB9A /* mcpttapp.app */,
			);
			name = Products;
			sourceTree = "<group>";
		};
		4D049215214654770071AB9A /* MCPTT */ = {
			isa = PBXGroup;
			children = (
				4D7CD4E7214679170006EABC /* Application */,
				4D7CD4E6214679160006EABC /* Extensions */,
				4D7CD4E9214679170006EABC /* UI */,
				4D7CD4E5214679160006EABC /* Util */,
				4D04921D214654780071AB9A /* Assets.xcassets */,
				4D04921F214654780071AB9A /* LaunchScreen.storyboard */,
				4D6DB15321492F22001BAD64 /* mcpttapp-Bridging-Header.h */,
				4D049222214654790071AB9A /* Info.plist */,
			);
			path = MCPTT;
			sourceTree = "<group>";
		};
		4D6DB13021492638001BAD64 /* Contact */ = {
			isa = PBXGroup;
			children = (
				4D6DB13721492A46001BAD64 /* ContactListViewContoller.swift */,
				4D6DB13921492A58001BAD64 /* Contact.storyboard */,
			);
			path = Contact;
			sourceTree = "<group>";
		};
		4D6DB13121492638001BAD64 /* Login */ = {
			isa = PBXGroup;
			children = (
				4D6DB13321492655001BAD64 /* LoginViewContoller.swift */,
				4D6DB1352149266B001BAD64 /* Login.storyboard */,
				4D6DB13F21492A96001BAD64 /* LoginViewModel.swift */,
			);
			path = Login;
			sourceTree = "<group>";
		};
		4D6DB13221492638001BAD64 /* Channel */ = {
			isa = PBXGroup;
			children = (
				4D6DB13B21492A6D001BAD64 /* ChannelListViewContoller.swift */,
				4D6DB13D21492A7D001BAD64 /* Channel.storyboard */,
				4D6DB14121492B83001BAD64 /* ChannelDetailViewContoller.swift */,
			);
			path = Channel;
			sourceTree = "<group>";
		};
		4D6DB14321492CBC001BAD64 /* Frameworks */ = {
			isa = PBXGroup;
			children = (
				4D6DB14421492CBD001BAD64 /* Security.framework */,
			);
			name = Frameworks;
			sourceTree = "<group>";
		};
		4D7CD4E5214679160006EABC /* Util */ = {
			isa = PBXGroup;
			children = (
				4D6DB12E2149262D001BAD64 /* EncryptionUtils.swift */,
			);
			path = Util;
			sourceTree = "<group>";
		};
		4D7CD4E6214679160006EABC /* Extensions */ = {
			isa = PBXGroup;
			children = (
			);
			path = Extensions;
			sourceTree = "<group>";
		};
		4D7CD4E7214679170006EABC /* Application */ = {
			isa = PBXGroup;
			children = (
				4D7CD4E8214679170006EABC /* AppDelegate.swift */,
			);
			path = Application;
			sourceTree = "<group>";
		};
		4D7CD4E9214679170006EABC /* UI */ = {
			isa = PBXGroup;
			children = (
				4D6DB13221492638001BAD64 /* Channel */,
				4D6DB13021492638001BAD64 /* Contact */,
				4D6DB13121492638001BAD64 /* Login */,
				4D7CD4EA214679170006EABC /* ViewController.swift */,
				4D7CD4EB214679170006EABC /* Main.storyboard */,
			);
			path = UI;
			sourceTree = "<group>";
		};
/* End PBXGroup section */

/* Begin PBXNativeTarget section */
		4D049212214654770071AB9A /* mcpttapp */ = {
			isa = PBXNativeTarget;
			buildConfigurationList = 4D049225214654790071AB9A /* Build configuration list for PBXNativeTarget "mcpttapp" */;
			buildPhases = (
				4D04920F214654770071AB9A /* Sources */,
				4D049210214654770071AB9A /* Frameworks */,
				4D049211214654770071AB9A /* Resources */,
				4D049228214655170071AB9A /* ShellScript */,
			);
			buildRules = (
			);
			dependencies = (
			);
			name = mcpttapp;
			productName = MCPTT;
			productReference = 4D049213214654770071AB9A /* mcpttapp.app */;
			productType = "com.apple.product-type.application";
		};
/* End PBXNativeTarget section */

/* Begin PBXProject section */
		4D04920B214654770071AB9A /* Project object */ = {
			isa = PBXProject;
			attributes = {
				LastSwiftUpdateCheck = 0940;
				LastUpgradeCheck = 0940;
				ORGANIZATIONNAME = "Harman connected services";
				TargetAttributes = {
					4D049212214654770071AB9A = {
						CreatedOnToolsVersion = 9.4.1;
					};
				};
			};
			buildConfigurationList = 4D04920E214654770071AB9A /* Build configuration list for PBXProject "mcpttapp" */;
			compatibilityVersion = "Xcode 9.3";
			developmentRegion = en;
			hasScannedForEncodings = 0;
			knownRegions = (
				en,
				Base,
			);
			mainGroup = 4D04920A214654770071AB9A;
			productRefGroup = 4D049214214654770071AB9A /* Products */;
			projectDirPath = "";
			projectRoot = "";
			targets = (
				4D049212214654770071AB9A /* mcpttapp */,
			);
		};
/* End PBXProject section */

/* Begin PBXResourcesBuildPhase section */
		4D049211214654770071AB9A /* Resources */ = {
			isa = PBXResourcesBuildPhase;
			buildActionMask = 2147483647;
			files = (
				4D6DB13E21492A7D001BAD64 /* Channel.storyboard in Resources */,
				4D6DB1362149266B001BAD64 /* Login.storyboard in Resources */,
				4D7CD4EE214679170006EABC /* Main.storyboard in Resources */,
				4D049221214654780071AB9A /* LaunchScreen.storyboard in Resources */,
				4D04921E214654780071AB9A /* Assets.xcassets in Resources */,
				4D6DB13A21492A58001BAD64 /* Contact.storyboard in Resources */,
			);
			runOnlyForDeploymentPostprocessing = 0;
		};
/* End PBXResourcesBuildPhase section */

/* Begin PBXShellScriptBuildPhase section */
		4D049228214655170071AB9A /* ShellScript */ = {
			isa = PBXShellScriptBuildPhase;
			buildActionMask = 2147483647;
			files = (
			);
			inputPaths = (
			);
			outputPaths = (
			);
			runOnlyForDeploymentPostprocessing = 0;
			shellPath = /bin/sh;
			shellScript = "if which swiftlint >/dev/null; then\nswiftlint\nelse\necho \"warning: SwiftLint not installed, download from https://github.com/realm/SwiftLint\"\nfi";
		};
/* End PBXShellScriptBuildPhase section */

/* Begin PBXSourcesBuildPhase section */
		4D04920F214654770071AB9A /* Sources */ = {
			isa = PBXSourcesBuildPhase;
			buildActionMask = 2147483647;
			files = (
				4D6DB14221492B83001BAD64 /* ChannelDetailViewContoller.swift in Sources */,
				4D6DB12F2149262D001BAD64 /* EncryptionUtils.swift in Sources */,
				4D6DB13821492A46001BAD64 /* ContactListViewContoller.swift in Sources */,
				4D6DB13421492655001BAD64 /* LoginViewContoller.swift in Sources */,
				4D6DB13C21492A6D001BAD64 /* ChannelListViewContoller.swift in Sources */,
				4D7CD4ED214679170006EABC /* ViewController.swift in Sources */,
				4D7CD4EC214679170006EABC /* AppDelegate.swift in Sources */,
				4D6DB14021492A96001BAD64 /* LoginViewModel.swift in Sources */,
			);
			runOnlyForDeploymentPostprocessing = 0;
		};
/* End PBXSourcesBuildPhase section */

/* Begin PBXVariantGroup section */
		4D04921F214654780071AB9A /* LaunchScreen.storyboard */ = {
			isa = PBXVariantGroup;
			children = (
				4D049220214654780071AB9A /* Base */,
			);
			name = LaunchScreen.storyboard;
			sourceTree = "<group>";
		};
/* End PBXVariantGroup section */

/* Begin XCBuildConfiguration section */
		4D049223214654790071AB9A /* Debug */ = {
			isa = XCBuildConfiguration;
			buildSettings = {
				ALWAYS_SEARCH_USER_PATHS = NO;
				CLANG_ANALYZER_NONNULL = YES;
				CLANG_ANALYZER_NUMBER_OBJECT_CONVERSION = YES_AGGRESSIVE;
				CLANG_CXX_LANGUAGE_STANDARD = "gnu++14";
				CLANG_CXX_LIBRARY = "libc++";
				CLANG_ENABLE_MODULES = YES;
				CLANG_ENABLE_OBJC_ARC = YES;
				CLANG_ENABLE_OBJC_WEAK = YES;
				CLANG_WARN_BLOCK_CAPTURE_AUTORELEASING = YES;
				CLANG_WARN_BOOL_CONVERSION = YES;
				CLANG_WARN_COMMA = YES;
				CLANG_WARN_CONSTANT_CONVERSION = YES;
				CLANG_WARN_DEPRECATED_OBJC_IMPLEMENTATIONS = YES;
				CLANG_WARN_DIRECT_OBJC_ISA_USAGE = YES_ERROR;
				CLANG_WARN_DOCUMENTATION_COMMENTS = YES;
				CLANG_WARN_EMPTY_BODY = YES;
				CLANG_WARN_ENUM_CONVERSION = YES;
				CLANG_WARN_INFINITE_RECURSION = YES;
				CLANG_WARN_INT_CONVERSION = YES;
				CLANG_WARN_NON_LITERAL_NULL_CONVERSION = YES;
				CLANG_WARN_OBJC_IMPLICIT_RETAIN_SELF = YES;
				CLANG_WARN_OBJC_LITERAL_CONVERSION = YES;
				CLANG_WARN_OBJC_ROOT_CLASS = YES_ERROR;
				CLANG_WARN_RANGE_LOOP_ANALYSIS = YES;
				CLANG_WARN_STRICT_PROTOTYPES = YES;
				CLANG_WARN_SUSPICIOUS_MOVE = YES;
				CLANG_WARN_UNGUARDED_AVAILABILITY = YES_AGGRESSIVE;
				CLANG_WARN_UNREACHABLE_CODE = YES;
				CLANG_WARN__DUPLICATE_METHOD_MATCH = YES;
				CODE_SIGN_IDENTITY = "iPhone Developer";
				COPY_PHASE_STRIP = NO;
				DEBUG_INFORMATION_FORMAT = dwarf;
				ENABLE_STRICT_OBJC_MSGSEND = YES;
				ENABLE_TESTABILITY = YES;
				GCC_C_LANGUAGE_STANDARD = gnu11;
				GCC_DYNAMIC_NO_PIC = NO;
				GCC_NO_COMMON_BLOCKS = YES;
				GCC_OPTIMIZATION_LEVEL = 0;
				GCC_PREPROCESSOR_DEFINITIONS = (
					"DEBUG=1",
					"$(inherited)",
				);
				GCC_WARN_64_TO_32_BIT_CONVERSION = YES;
				GCC_WARN_ABOUT_RETURN_TYPE = YES_ERROR;
				GCC_WARN_UNDECLARED_SELECTOR = YES;
				GCC_WARN_UNINITIALIZED_AUTOS = YES_AGGRESSIVE;
				GCC_WARN_UNUSED_FUNCTION = YES;
				GCC_WARN_UNUSED_VARIABLE = YES;
				IPHONEOS_DEPLOYMENT_TARGET = 11.4;
				MTL_ENABLE_DEBUG_INFO = YES;
				ONLY_ACTIVE_ARCH = YES;
				SDKROOT = iphoneos;
				SWIFT_ACTIVE_COMPILATION_CONDITIONS = DEBUG;
				SWIFT_OPTIMIZATION_LEVEL = "-Onone";
			};
			name = Debug;
		};
		4D049224214654790071AB9A /* Release */ = {
			isa = XCBuildConfiguration;
			buildSettings = {
				ALWAYS_SEARCH_USER_PATHS = NO;
				CLANG_ANALYZER_NONNULL = YES;
				CLANG_ANALYZER_NUMBER_OBJECT_CONVERSION = YES_AGGRESSIVE;
				CLANG_CXX_LANGUAGE_STANDARD = "gnu++14";
				CLANG_CXX_LIBRARY = "libc++";
				CLANG_ENABLE_MODULES = YES;
				CLANG_ENABLE_OBJC_ARC = YES;
				CLANG_ENABLE_OBJC_WEAK = YES;
				CLANG_WARN_BLOCK_CAPTURE_AUTORELEASING = YES;
				CLANG_WARN_BOOL_CONVERSION = YES;
				CLANG_WARN_COMMA = YES;
				CLANG_WARN_CONSTANT_CONVERSION = YES;
				CLANG_WARN_DEPRECATED_OBJC_IMPLEMENTATIONS = YES;
				CLANG_WARN_DIRECT_OBJC_ISA_USAGE = YES_ERROR;
				CLANG_WARN_DOCUMENTATION_COMMENTS = YES;
				CLANG_WARN_EMPTY_BODY = YES;
				CLANG_WARN_ENUM_CONVERSION = YES;
				CLANG_WARN_INFINITE_RECURSION = YES;
				CLANG_WARN_INT_CONVERSION = YES;
				CLANG_WARN_NON_LITERAL_NULL_CONVERSION = YES;
				CLANG_WARN_OBJC_IMPLICIT_RETAIN_SELF = YES;
				CLANG_WARN_OBJC_LITERAL_CONVERSION = YES;
				CLANG_WARN_OBJC_ROOT_CLASS = YES_ERROR;
				CLANG_WARN_RANGE_LOOP_ANALYSIS = YES;
				CLANG_WARN_STRICT_PROTOTYPES = YES;
				CLANG_WARN_SUSPICIOUS_MOVE = YES;
				CLANG_WARN_UNGUARDED_AVAILABILITY = YES_AGGRESSIVE;
				CLANG_WARN_UNREACHABLE_CODE = YES;
				CLANG_WARN__DUPLICATE_METHOD_MATCH = YES;
				CODE_SIGN_IDENTITY = "iPhone Developer";
				COPY_PHASE_STRIP = NO;
				DEBUG_INFORMATION_FORMAT = "dwarf-with-dsym";
				ENABLE_NS_ASSERTIONS = NO;
				ENABLE_STRICT_OBJC_MSGSEND = YES;
				GCC_C_LANGUAGE_STANDARD = gnu11;
				GCC_NO_COMMON_BLOCKS = YES;
				GCC_WARN_64_TO_32_BIT_CONVERSION = YES;
				GCC_WARN_ABOUT_RETURN_TYPE = YES_ERROR;
				GCC_WARN_UNDECLARED_SELECTOR = YES;
				GCC_WARN_UNINITIALIZED_AUTOS = YES_AGGRESSIVE;
				GCC_WARN_UNUSED_FUNCTION = YES;
				GCC_WARN_UNUSED_VARIABLE = YES;
				IPHONEOS_DEPLOYMENT_TARGET = 11.4;
				MTL_ENABLE_DEBUG_INFO = NO;
				SDKROOT = iphoneos;
				SWIFT_COMPILATION_MODE = wholemodule;
				SWIFT_OPTIMIZATION_LEVEL = "-O";
				VALIDATE_PRODUCT = YES;
			};
			name = Release;
		};
		4D049226214654790071AB9A /* Debug */ = {
			isa = XCBuildConfiguration;
			buildSettings = {
				ASSETCATALOG_COMPILER_APPICON_NAME = AppIcon;
				CODE_SIGN_STYLE = Automatic;
				DEVELOPMENT_TEAM = BXL73SAJUU;
				INFOPLIST_FILE = MCPTT/Info.plist;
				LD_RUNPATH_SEARCH_PATHS = (
					"$(inherited)",
					"@executable_path/Frameworks",
				);
				PRODUCT_BUNDLE_IDENTIFIER = Samsung.MCPTT;
				PRODUCT_NAME = "$(TARGET_NAME)";
				SWIFT_VERSION = 4.0;
				TARGETED_DEVICE_FAMILY = "1,2";
			};
			name = Debug;
		};
		4D049227214654790071AB9A /* Release */ = {
			isa = XCBuildConfiguration;
			buildSettings = {
				ASSETCATALOG_COMPILER_APPICON_NAME = AppIcon;
				CODE_SIGN_STYLE = Automatic;
				DEVELOPMENT_TEAM = BXL73SAJUU;
				INFOPLIST_FILE = MCPTT/Info.plist;
				LD_RUNPATH_SEARCH_PATHS = (
					"$(inherited)",
					"@executable_path/Frameworks",
				);
				PRODUCT_BUNDLE_IDENTIFIER = Samsung.MCPTT;
				PRODUCT_NAME = "$(TARGET_NAME)";
				SWIFT_VERSION = 4.0;
				TARGETED_DEVICE_FAMILY = "1,2";
			};
			name = Release;
		};
/* End XCBuildConfiguration section */

/* Begin XCConfigurationList section */
		4D04920E214654770071AB9A /* Build configuration list for PBXProject "mcpttapp" */ = {
			isa = XCConfigurationList;
			buildConfigurations = (
				4D049223214654790071AB9A /* Debug */,
				4D049224214654790071AB9A /* Release */,
			);
			defaultConfigurationIsVisible = 0;
			defaultConfigurationName = Release;
		};
		4D049225214654790071AB9A /* Build configuration list for PBXNativeTarget "mcpttapp" */ = {
			isa = XCConfigurationList;
			buildConfigurations = (
				4D049226214654790071AB9A /* Debug */,
				4D049227214654790071AB9A /* Release */,
			);
			defaultConfigurationIsVisible = 0;
			defaultConfigurationName = Release;
		};
/* End XCConfigurationList section */
	};
	rootObject = 4D04920B214654770071AB9A /* Project object */;
}
